
Microsoft Visual Studio Solution File, Format Version 12.00
# Visual Studio 15
VisualStudioVersion = 15.0.28010.2026
MinimumVisualStudioVersion = 10.0.40219.1
Project("{FAE04EC0-301F-11D3-BF4B-00C04F79EFBC}") = "ExtensibleApp", "ExtensibleApp\ExtensibleApp.csproj", "{394C27A6-45D7-437B-9C3E-32F08793390D}"
EndProject
Project("{FAE04EC0-301F-11D3-BF4B-00C04F79EFBC}") = "Common", "Common\Common.csproj", "{F9985F68-B0AA-41F4-A4EC-FD895831CA14}"
EndProject
Project("{FAE04EC0-301F-11D3-BF4B-00C04F79EFBC}") = "Feature1.Plugin", "Feature1.Plugin\Feature1.Plugin.csproj", "{8023C25B-385D-49C8-90B2-78D57C8BA372}"
EndProject
Project("{FAE04EC0-301F-11D3-BF4B-00C04F79EFBC}") = "Feature2.Plugin", "Feature2.Plugin\Feature2.Plugin.csproj", "{A6FE2E84-9817-4E8B-BE75-5ACD6CA0DF49}"
EndProject
Project("{FAE04EC0-301F-11D3-BF4B-00C04F79EFBC}") = "Feature3.Plugin", "Feature3.Plugin\Feature3.Plugin.csproj", "{9282A087-EB30-43C2-8D49-35124A97469E}"
EndProject
Global
	GlobalSection(SolutionConfigurationPlatforms) = preSolution
		Debug|Any CPU = Debug|Any CPU
		Release|Any CPU = Release|Any CPU
	EndGlobalSection
	GlobalSection(ProjectConfigurationPlatforms) = postSolution
		{394C27A6-45D7-437B-9C3E-32F08793390D}.Debug|Any CPU.ActiveCfg = Debug|Any CPU
		{394C27A6-45D7-437B-9C3E-32F08793390D}.Debug|Any CPU.Build.0 = Debug|Any CPU
		{394C27A6-45D7-437B-9C3E-32F08793390D}.Release|Any CPU.ActiveCfg = Release|Any CPU
		{394C27A6-45D7-437B-9C3E-32F08793390D}.Release|Any CPU.Build.0 = Release|Any CPU
		{F9985F68-B0AA-41F4-A4EC-FD895831CA14}.Debug|Any CPU.ActiveCfg = Debug|Any CPU
		{F9985F68-B0AA-41F4-A4EC-FD895831CA14}.Debug|Any CPU.Build.0 = Debug|Any CPU
		{F9985F68-B0AA-41F4-A4EC-FD895831CA14}.Release|Any CPU.ActiveCfg = Release|Any CPU
		{F9985F68-B0AA-41F4-A4EC-FD895831CA14}.Release|Any CPU.Build.0 = Release|Any CPU
		{8023C25B-385D-49C8-90B2-78D57C8BA372}.Debug|Any CPU.ActiveCfg = Debug|Any CPU
		{8023C25B-385D-49C8-90B2-78D57C8BA372}.Debug|Any CPU.Build.0 = Debug|Any CPU
		{8023C25B-385D-49C8-90B2-78D57C8BA372}.Release|Any CPU.ActiveCfg = Release|Any CPU
		{8023C25B-385D-49C8-90B2-78D57C8BA372}.Release|Any CPU.Build.0 = Release|Any CPU
		{A6FE2E84-9817-4E8B-BE75-5ACD6CA0DF49}.Debug|Any CPU.ActiveCfg = Debug|Any CPU
		{A6FE2E84-9817-4E8B-BE75-5ACD6CA0DF49}.Debug|Any CPU.Build.0 = Debug|Any CPU
		{A6FE2E84-9817-4E8B-BE75-5ACD6CA0DF49}.Release|Any CPU.ActiveCfg = Release|Any CPU
		{A6FE2E84-9817-4E8B-BE75-5ACD6CA0DF49}.Release|Any CPU.Build.0 = Release|Any CPU
		{9282A087-EB30-43C2-8D49-35124A97469E}.Debug|Any CPU.ActiveCfg = Debug|Any CPU
		{9282A087-EB30-43C2-8D49-35124A97469E}.Debug|Any CPU.Build.0 = Debug|Any CPU
		{9282A087-EB30-43C2-8D49-35124A97469E}.Release|Any CPU.ActiveCfg = Release|Any CPU
		{9282A087-EB30-43C2-8D49-35124A97469E}.Release|Any CPU.Build.0 = Release|Any CPU
	EndGlobalSection
	GlobalSection(SolutionProperties) = preSolution
		HideSolutionNode = FALSE
	EndGlobalSection
	GlobalSection(ExtensibilityGlobals) = postSolution
		SolutionGuid = {BCAAAEA0-614F-4C9B-A818-927CB9116841}
	EndGlobalSection
EndGlobal
